{
  "name": "iot-fetcher-grafana",
  "version": "1.0.0",
  "lockfileVersion": 3,
  "requires": true,
  "packages": {
    "": {
      "name": "iot-fetcher-grafana",
      "version": "1.0.0",
      "dependencies": {
        "@grafana/grafana-foundation-sdk": "~11.6.0-cogv0.0.x.1769699379"
      },
      "devDependencies": {
        "@types/node": "^25.2.0"
      },
      "engines": {
        "node": ">=24.0.0"
      }
    },
    "node_modules/@grafana/grafana-foundation-sdk": {
      "version": "11.6.0-cogv0.0.x.1769699379",
      "resolved": "https://registry.npmjs.org/@grafana/grafana-foundation-sdk/-/grafana-foundation-sdk-11.6.0-cogv0.0.x.1769699379.tgz",
      "integrity": "sha512-kCE8BenAAOjFC5baHIPWy9lepzs6Z7GgJ0FoBO0ZNxBnNuka0VTEV18UX9DLMXcfSrITqY3yzwkq0L0E/Sf61g==",
      "license": "Apache-2.0",
      "dependencies": {
        "tslib": "^2.6.2"
      }
    },
    "node_modules/@types/node": {
      "version": "25.2.0",
      "resolved": "https://registry.npmjs.org/@types/node/-/node-25.2.0.tgz",
      "integrity": "sha512-DZ8VwRFUNzuqJ5khrvwMXHmvPe+zGayJhr2CDNiKB1WBE1ST8Djl00D0IC4vvNmHMdj6DlbYRIaFE7WHjlDl5w==",
      "dev": true,
      "license": "MIT",
      "dependencies": {
        "undici-types": "~7.16.0"
      }
    },
    "node_modules/tslib": {
      "version": "2.8.1",
      "resolved": "https://registry.npmjs.org/tslib/-/tslib-2.8.1.tgz",
      "integrity": "sha512-oJFu94HQb+KVduSUQL7wnpmqnfmLsOA/nAh6b6EH0wCEoK0/mPeXU6c3wKDV83MkOuHPRHtSXKKU99IBazS/2w==",
      "license": "0BSD"
    },
    "node_modules/undici-types": {
      "version": "7.16.0",
      "resolved": "https://registry.npmjs.org/undici-types/-/undici-types-7.16.0.tgz",
      "integrity": "sha512-Zz+aZWSj8LE6zoxD+xrjh4VfkIG8Ya6LvYkZqtUQGJPZjYl53ypCaUwWqo7eI0x66KBGeRo+mlBEkMSeSZ38Nw==",
      "dev": true,
      "license": "MIT"
    }
  }
}
